
Microsoft Visual Studio Solution File, Format Version 12.00
# Visual Studio 15
VisualStudioVersion = 15.0.28010.2003
MinimumVisualStudioVersion = 10.0.40219.1
Project("{FAE04EC0-301F-11D3-BF4B-00C04F79EFBC}") = "FIT5120_Project_Saccharin", "FIT5120_Saccharin\FIT5120_Project_Saccharin.csproj", "{D4BC09F2-4672-4E05-BC29-E946BAD2F8E8}"
EndProject
Project("{FAE04EC0-301F-11D3-BF4B-00C04F79EFBC}") = "FIT5120_Project_Saccharin.Tests", "FIT5120_Saccharin.Tests\FIT5120_Project_Saccharin.Tests.csproj", "{58D09357-D399-4812-BEAB-9FA593209DF9}"
EndProject
Global
	GlobalSection(SolutionConfigurationPlatforms) = preSolution
		Debug|Any CPU = Debug|Any CPU
		Release|Any CPU = Release|Any CPU
	EndGlobalSection
	GlobalSection(ProjectConfigurationPlatforms) = postSolution
		{D4BC09F2-4672-4E05-BC29-E946BAD2F8E8}.Debug|Any CPU.ActiveCfg = Debug|Any CPU
		{D4BC09F2-4672-4E05-BC29-E946BAD2F8E8}.Debug|Any CPU.Build.0 = Debug|Any CPU
		{D4BC09F2-4672-4E05-BC29-E946BAD2F8E8}.Release|Any CPU.ActiveCfg = Release|Any CPU
		{D4BC09F2-4672-4E05-BC29-E946BAD2F8E8}.Release|Any CPU.Build.0 = Release|Any CPU
		{58D09357-D399-4812-BEAB-9FA593209DF9}.Debug|Any CPU.ActiveCfg = Debug|Any CPU
		{58D09357-D399-4812-BEAB-9FA593209DF9}.Debug|Any CPU.Build.0 = Debug|Any CPU
		{58D09357-D399-4812-BEAB-9FA593209DF9}.Release|Any CPU.ActiveCfg = Release|Any CPU
		{58D09357-D399-4812-BEAB-9FA593209DF9}.Release|Any CPU.Build.0 = Release|Any CPU
	EndGlobalSection
	GlobalSection(SolutionProperties) = preSolution
		HideSolutionNode = FALSE
	EndGlobalSection
	GlobalSection(ExtensibilityGlobals) = postSolution
		SolutionGuid = {A7B49B33-A96F-4B75-83F9-2F4D299183FF}
	EndGlobalSection
EndGlobal
